
Microsoft Visual Studio Solution File, Format Version 12.00
# Visual Studio Version 17
VisualStudioVersion = 17.4.33213.308
MinimumVisualStudioVersion = 10.0.40219.1
Project("{FAE04EC0-301F-11D3-BF4B-00C04F79EFBC}") = "Cryptography", "Cryptography.csproj", "{DF292422-67C1-4634-A086-9C9746A31270}"
EndProject
Global
	GlobalSection(SolutionConfigurationPlatforms) = preSolution
		Debug|Any CPU = Debug|Any CPU
		Release|Any CPU = Release|Any CPU
	EndGlobalSection
	GlobalSection(ProjectConfigurationPlatforms) = postSolution
		{DF292422-67C1-4634-A086-9C9746A31270}.Debug|Any CPU.ActiveCfg = Debug|Any CPU
		{DF292422-67C1-4634-A086-9C9746A31270}.Debug|Any CPU.Build.0 = Debug|Any CPU
		{DF292422-67C1-4634-A086-9C9746A31270}.Release|Any CPU.ActiveCfg = Release|Any CPU
		{DF292422-67C1-4634-A086-9C9746A31270}.Release|Any CPU.Build.0 = Release|Any CPU
	EndGlobalSection
	GlobalSection(SolutionProperties) = preSolution
		HideSolutionNode = FALSE
	EndGlobalSection
	GlobalSection(ExtensibilityGlobals) = postSolution
		SolutionGuid = {3BAD1CF8-4C51-4569-A988-2C68DD292A4C}
	EndGlobalSection
EndGlobal
